
Microsoft Visual Studio Solution File, Format Version 12.00
# Visual Studio Version 17
VisualStudioVersion = 17.3.32929.385
MinimumVisualStudioVersion = 10.0.40219.1
Project("{FAE04EC0-301F-11D3-BF4B-00C04F79EFBC}") = "Homework_1_DenkinDmytro", "Homework_1_DenkinDmytro\Homework_1_DenkinDmytro.csproj", "{59D45E3F-80C6-4C0C-A781-E33CB199FDEA}"
EndProject
Global
	GlobalSection(SolutionConfigurationPlatforms) = preSolution
		Debug|Any CPU = Debug|Any CPU
		Release|Any CPU = Release|Any CPU
	EndGlobalSection
	GlobalSection(ProjectConfigurationPlatforms) = postSolution
		{59D45E3F-80C6-4C0C-A781-E33CB199FDEA}.Debug|Any CPU.ActiveCfg = Debug|Any CPU
		{59D45E3F-80C6-4C0C-A781-E33CB199FDEA}.Debug|Any CPU.Build.0 = Debug|Any CPU
		{59D45E3F-80C6-4C0C-A781-E33CB199FDEA}.Release|Any CPU.ActiveCfg = Release|Any CPU
		{59D45E3F-80C6-4C0C-A781-E33CB199FDEA}.Release|Any CPU.Build.0 = Release|Any CPU
	EndGlobalSection
	GlobalSection(SolutionProperties) = preSolution
		HideSolutionNode = FALSE
	EndGlobalSection
	GlobalSection(ExtensibilityGlobals) = postSolution
		SolutionGuid = {834A8991-737A-4034-BB21-D7D35C4EC84C}
	EndGlobalSection
EndGlobal
